// !$*UTF8*$!
{
	archiveVersion = 1;
	classes = {
	};
	objectVersion = 46;
	objects = {

/* Begin PBXFileReference section */
		DF0309CC18FC92400021C38F /* libCppUnitLite.a */ = {isa = PBXFileReference; explicitFileType = archive.ar; includeInIndex = 0; path = libCppUnitLite.a; sourceTree = BUILT_PRODUCTS_DIR; };
/* End PBXFileReference section */

/* Begin PBXFrameworksBuildPhase section */
		DF0309C918FC92400021C38F /* Frameworks */ = {
			isa = PBXFrameworksBuildPhase;
			buildActionMask = 2147483647;
			files = (
			);
			runOnlyForDeploymentPostprocessing = 0;
		};
/* End PBXFrameworksBuildPhase section */

/* Begin PBXGroup section */
		DF0309C118FC92400021C38F = {
			isa = PBXGroup;
			children = (
				DF0309CD18FC92400021C38F /* Products */,
			);
			sourceTree = "<group>";
		};
		DF0309CD18FC92400021C38F /* Products */ = {
			isa = PBXGroup;
			children = (
				DF0309CC18FC92400021C38F /* libCppUnitLite.a */,
			);
			name = Products;
			sourceTree = "<group>";
		};
/* End PBXGroup section */

/* Begin PBXHeadersBuildPhase section */
		DF0309CA18FC92400021C38F /* Headers */ = {
			isa = PBXHeadersBuildPhase;
			buildActionMask = 2147483647;
			files = (
			);
			runOnlyForDeploymentPostprocessing = 0;
		};
/* End PBXHeadersBuildPhase section */

/* Begin PBXNativeTarget section */
		DF0309CB18FC92400021C38F /* CppUnitLite */ = {
			isa = PBXNativeTarget;
			buildConfigurationList = DF0309D018FC92400021C38F /* Build configuration list for PBXNativeTarget "CppUnitLite" */;
			buildPhases = (
				DF0309C818FC92400021C38F /* Sources */,
				DF0309C918FC92400021C38F /* Frameworks */,
				DF0309CA18FC92400021C38F /* Headers */,
			);
			buildRules = (
			);
			dependencies = (
			);
			name = CppUnitLite;
			productName = CppUnitLite;
			productReference = DF0309CC18FC92400021C38F /* libCppUnitLite.a */;
			productType = "com.apple.product-type.library.static";
		};
/* End PBXNativeTarget section */

/* Begin PBXProject section */
		DF0309C318FC92400021C38F /* Project object */ = {
			isa = PBXProject;
			attributes = {
				LastUpgradeCheck = 0450;
				ORGANIZATIONNAME = "Minor, Steve";
			};
			buildConfigurationList = DF0309C618FC92400021C38F /* Build configuration list for PBXProject "CppUnitLite" */;
			compatibilityVersion = "Xcode 3.2";
			developmentRegion = English;
			hasScannedForEncodings = 0;
			knownRegions = (
				en,
			);
			mainGroup = DF0309C118FC92400021C38F;
			productRefGroup = DF0309CD18FC92400021C38F /* Products */;
			projectDirPath = "";
			projectRoot = "";
			targets = (
				DF0309CB18FC92400021C38F /* CppUnitLite */,
			);
		};
/* End PBXProject section */

/* Begin PBXSourcesBuildPhase section */
		DF0309C818FC92400021C38F /* Sources */ = {
			isa = PBXSourcesBuildPhase;
			buildActionMask = 2147483647;
			files = (
			);
			runOnlyForDeploymentPostprocessing = 0;
		};
/* End PBXSourcesBuildPhase section */

/* Begin XCBuildConfiguration section */
		DF0309CE18FC92400021C38F /* Debug */ = {
			isa = XCBuildConfiguration;
			buildSettings = {
				ALWAYS_SEARCH_USER_PATHS = NO;
				ARCHS = "$(ARCHS_STANDARD_64_BIT)";
				CLANG_CXX_LANGUAGE_STANDARD = "gnu++0x";
				CLANG_CXX_LIBRARY = "libc++";
				CLANG_WARN_EMPTY_BODY = YES;
				CLANG_WARN__DUPLICATE_METHOD_MATCH = YES;
				COPY_PHASE_STRIP = NO;
				GCC_C_LANGUAGE_STANDARD = gnu99;
				GCC_DYNAMIC_NO_PIC = NO;
				GCC_ENABLE_OBJC_EXCEPTIONS = YES;
				GCC_OPTIMIZATION_LEVEL = 0;
				GCC_PREPROCESSOR_DEFINITIONS = (
					"DEBUG=1",
					"$(inherited)",
				);
				GCC_SYMBOLS_PRIVATE_EXTERN = NO;
				GCC_WARN_64_TO_32_BIT_CONVERSION = YES;
				GCC_WARN_ABOUT_RETURN_TYPE = YES;
				GCC_WARN_UNINITIALIZED_AUTOS = YES;
				GCC_WARN_UNUSED_VARIABLE = YES;
				MACOSX_DEPLOYMENT_TARGET = 10.7;
				ONLY_ACTIVE_ARCH = YES;
				SDKROOT = macosx;
			};
			name = Debug;
		};
		DF0309CF18FC92400021C38F /* Release */ = {
			isa = XCBuildConfiguration;
			buildSettings = {
				ALWAYS_SEARCH_USER_PATHS = NO;
				ARCHS = "$(ARCHS_STANDARD_64_BIT)";
				CLANG_CXX_LANGUAGE_STANDARD = "gnu++0x";
				CLANG_CXX_LIBRARY = "libc++";
				CLANG_WARN_EMPTY_BODY = YES;
				CLANG_WARN__DUPLICATE_METHOD_MATCH = YES;
				COPY_PHASE_STRIP = YES;
				DEBUG_INFORMATION_FORMAT = "dwarf-with-dsym";
				GCC_C_LANGUAGE_STANDARD = gnu99;
				GCC_ENABLE_OBJC_EXCEPTIONS = YES;
				GCC_WARN_64_TO_32_BIT_CONVERSION = YES;
				GCC_WARN_ABOUT_RETURN_TYPE = YES;
				GCC_WARN_UNINITIALIZED_AUTOS = YES;
				GCC_WARN_UNUSED_VARIABLE = YES;
				MACOSX_DEPLOYMENT_TARGET = 10.7;
				SDKROOT = macosx;
			};
			name = Release;
		};
		DF0309D118FC92400021C38F /* Debug */ = {
			isa = XCBuildConfiguration;
			buildSettings = {
				EXECUTABLE_PREFIX = lib;
				PRODUCT_NAME = "$(TARGET_NAME)";
			};
			name = Debug;
		};
		DF0309D218FC92400021C38F /* Release */ = {
			isa = XCBuildConfiguration;
			buildSettings = {
				EXECUTABLE_PREFIX = lib;
				PRODUCT_NAME = "$(TARGET_NAME)";
			};
			name = Release;
		};
/* End XCBuildConfiguration section */

/* Begin XCConfigurationList section */
		DF0309C618FC92400021C38F /* Build configuration list for PBXProject "CppUnitLite" */ = {
			isa = XCConfigurationList;
			buildConfigurations = (
				DF0309CE18FC92400021C38F /* Debug */,
				DF0309CF18FC92400021C38F /* Release */,
			);
			defaultConfigurationIsVisible = 0;
			defaultConfigurationName = Release;
		};
		DF0309D018FC92400021C38F /* Build configuration list for PBXNativeTarget "CppUnitLite" */ = {
			isa = XCConfigurationList;
			buildConfigurations = (
				DF0309D118FC92400021C38F /* Debug */,
				DF0309D218FC92400021C38F /* Release */,
			);
			defaultConfigurationIsVisible = 0;
		};
/* End XCConfigurationList section */
	};
	rootObject = DF0309C318FC92400021C38F /* Project object */;
}
