// !$*UTF8*$!
{
	archiveVersion = 1;
	classes = {
	};
	objectVersion = 46;
	objects = {

/* Begin PBXBuildFile section */
		F4337212191C6FD5005DE0A7 /* main.cpp in Sources */ = {isa = PBXBuildFile; fileRef = F4337211191C6FD5005DE0A7 /* main.cpp */; };
		F4337214191C6FD5005DE0A7 /* Assignment_3.1 in CopyFiles */ = {isa = PBXBuildFile; fileRef = F4337213191C6FD5005DE0A7 /* Assignment_3.1 */; };
		F433721B191C7019005DE0A7 /* libcppUnitLite2.a in Frameworks */ = {isa = PBXBuildFile; fileRef = F433721A191C7019005DE0A7 /* libcppUnitLite2.a */; };
		F4337220191C70C4005DE0A7 /* BinaryTest.cpp in Sources */ = {isa = PBXBuildFile; fileRef = F433721C191C70C3005DE0A7 /* BinaryTest.cpp */; };
		F4337221191C70C4005DE0A7 /* BitmapTest.cpp in Sources */ = {isa = PBXBuildFile; fileRef = F433721D191C70C4005DE0A7 /* BitmapTest.cpp */; };
		F4337222191C70C4005DE0A7 /* VerifyEqualityTest.cpp in Sources */ = {isa = PBXBuildFile; fileRef = F433721E191C70C4005DE0A7 /* VerifyEqualityTest.cpp */; };
		F4337223191C70C4005DE0A7 /* WindowsBitmapHeaderTest.cpp in Sources */ = {isa = PBXBuildFile; fileRef = F433721F191C70C4005DE0A7 /* WindowsBitmapHeaderTest.cpp */; };
		F433722A191C7125005DE0A7 /* Byte.cpp in Sources */ = {isa = PBXBuildFile; fileRef = F4337228191C7125005DE0A7 /* Byte.cpp */; };
		F433722D191C7150005DE0A7 /* DoubleWord.cpp in Sources */ = {isa = PBXBuildFile; fileRef = F433722B191C7150005DE0A7 /* DoubleWord.cpp */; };
		F4337230191C719F005DE0A7 /* Word.cpp in Sources */ = {isa = PBXBuildFile; fileRef = F433722E191C719F005DE0A7 /* Word.cpp */; };
		F4337233191C7200005DE0A7 /* WindowsBitmapHeader.cpp in Sources */ = {isa = PBXBuildFile; fileRef = F4337231191C7200005DE0A7 /* WindowsBitmapHeader.cpp */; };
		F4337236191C7662005DE0A7 /* Bitmap.cpp in Sources */ = {isa = PBXBuildFile; fileRef = F4337234191C7662005DE0A7 /* Bitmap.cpp */; };
		F4337239191C7CA6005DE0A7 /* VerifyEquality.cpp in Sources */ = {isa = PBXBuildFile; fileRef = F4337237191C7CA6005DE0A7 /* VerifyEquality.cpp */; };
		F433723C191C7CE9005DE0A7 /* binary_ostream_iterator.cpp in Sources */ = {isa = PBXBuildFile; fileRef = F433723A191C7CE9005DE0A7 /* binary_ostream_iterator.cpp */; };
/* End PBXBuildFile section */

/* Begin PBXCopyFilesBuildPhase section */
		F433720C191C6FD5005DE0A7 /* CopyFiles */ = {
			isa = PBXCopyFilesBuildPhase;
			buildActionMask = 2147483647;
			dstPath = /usr/share/man/man1/;
			dstSubfolderSpec = 0;
			files = (
				F4337214191C6FD5005DE0A7 /* Assignment_3.1 in CopyFiles */,
			);
			runOnlyForDeploymentPostprocessing = 1;
		};
/* End PBXCopyFilesBuildPhase section */

/* Begin PBXFileReference section */
		F433720E191C6FD5005DE0A7 /* Assignment 3 */ = {isa = PBXFileReference; explicitFileType = "compiled.mach-o.executable"; includeInIndex = 0; path = "Assignment 3"; sourceTree = BUILT_PRODUCTS_DIR; };
		F4337211191C6FD5005DE0A7 /* main.cpp */ = {isa = PBXFileReference; lastKnownFileType = sourcecode.cpp.cpp; path = main.cpp; sourceTree = "<group>"; };
		F4337213191C6FD5005DE0A7 /* Assignment_3.1 */ = {isa = PBXFileReference; lastKnownFileType = text.man; path = Assignment_3.1; sourceTree = "<group>"; };
		F433721A191C7019005DE0A7 /* libcppUnitLite2.a */ = {isa = PBXFileReference; lastKnownFileType = archive.ar; name = libcppUnitLite2.a; path = ../../../../../../usr/local/lib/libcppUnitLite2.a; sourceTree = "<group>"; };
		F433721C191C70C3005DE0A7 /* BinaryTest.cpp */ = {isa = PBXFileReference; fileEncoding = 4; lastKnownFileType = sourcecode.cpp.cpp; path = BinaryTest.cpp; sourceTree = "<group>"; };
		F433721D191C70C4005DE0A7 /* BitmapTest.cpp */ = {isa = PBXFileReference; fileEncoding = 4; lastKnownFileType = sourcecode.cpp.cpp; path = BitmapTest.cpp; sourceTree = "<group>"; };
		F433721E191C70C4005DE0A7 /* VerifyEqualityTest.cpp */ = {isa = PBXFileReference; fileEncoding = 4; lastKnownFileType = sourcecode.cpp.cpp; path = VerifyEqualityTest.cpp; sourceTree = "<group>"; };
		F433721F191C70C4005DE0A7 /* WindowsBitmapHeaderTest.cpp */ = {isa = PBXFileReference; fileEncoding = 4; lastKnownFileType = sourcecode.cpp.cpp; path = WindowsBitmapHeaderTest.cpp; sourceTree = "<group>"; };
		F4337228191C7125005DE0A7 /* Byte.cpp */ = {isa = PBXFileReference; fileEncoding = 4; lastKnownFileType = sourcecode.cpp.cpp; path = Byte.cpp; sourceTree = "<group>"; };
		F4337229191C7125005DE0A7 /* Byte.h */ = {isa = PBXFileReference; fileEncoding = 4; lastKnownFileType = sourcecode.c.h; path = Byte.h; sourceTree = "<group>"; };
		F433722B191C7150005DE0A7 /* DoubleWord.cpp */ = {isa = PBXFileReference; fileEncoding = 4; lastKnownFileType = sourcecode.cpp.cpp; path = DoubleWord.cpp; sourceTree = "<group>"; };
		F433722C191C7150005DE0A7 /* DoubleWord.h */ = {isa = PBXFileReference; fileEncoding = 4; lastKnownFileType = sourcecode.c.h; path = DoubleWord.h; sourceTree = "<group>"; };
		F433722E191C719F005DE0A7 /* Word.cpp */ = {isa = PBXFileReference; fileEncoding = 4; lastKnownFileType = sourcecode.cpp.cpp; path = Word.cpp; sourceTree = "<group>"; };
		F433722F191C719F005DE0A7 /* Word.h */ = {isa = PBXFileReference; fileEncoding = 4; lastKnownFileType = sourcecode.c.h; path = Word.h; sourceTree = "<group>"; };
		F4337231191C7200005DE0A7 /* WindowsBitmapHeader.cpp */ = {isa = PBXFileReference; fileEncoding = 4; lastKnownFileType = sourcecode.cpp.cpp; path = WindowsBitmapHeader.cpp; sourceTree = "<group>"; };
		F4337232191C7200005DE0A7 /* WindowsBitmapHeader.h */ = {isa = PBXFileReference; fileEncoding = 4; lastKnownFileType = sourcecode.c.h; path = WindowsBitmapHeader.h; sourceTree = "<group>"; };
		F4337234191C7662005DE0A7 /* Bitmap.cpp */ = {isa = PBXFileReference; fileEncoding = 4; lastKnownFileType = sourcecode.cpp.cpp; path = Bitmap.cpp; sourceTree = "<group>"; };
		F4337235191C7662005DE0A7 /* Bitmap.h */ = {isa = PBXFileReference; fileEncoding = 4; lastKnownFileType = sourcecode.c.h; path = Bitmap.h; sourceTree = "<group>"; };
		F4337237191C7CA6005DE0A7 /* VerifyEquality.cpp */ = {isa = PBXFileReference; fileEncoding = 4; lastKnownFileType = sourcecode.cpp.cpp; path = VerifyEquality.cpp; sourceTree = "<group>"; };
		F4337238191C7CA6005DE0A7 /* VerifyEquality.h */ = {isa = PBXFileReference; fileEncoding = 4; lastKnownFileType = sourcecode.c.h; path = VerifyEquality.h; sourceTree = "<group>"; };
		F433723A191C7CE9005DE0A7 /* binary_ostream_iterator.cpp */ = {isa = PBXFileReference; fileEncoding = 4; lastKnownFileType = sourcecode.cpp.cpp; path = binary_ostream_iterator.cpp; sourceTree = "<group>"; };
		F433723B191C7CE9005DE0A7 /* binary_ostream_iterator.h */ = {isa = PBXFileReference; fileEncoding = 4; lastKnownFileType = sourcecode.c.h; path = binary_ostream_iterator.h; sourceTree = "<group>"; };
/* End PBXFileReference section */

/* Begin PBXFrameworksBuildPhase section */
		F433720B191C6FD5005DE0A7 /* Frameworks */ = {
			isa = PBXFrameworksBuildPhase;
			buildActionMask = 2147483647;
			files = (
				F433721B191C7019005DE0A7 /* libcppUnitLite2.a in Frameworks */,
			);
			runOnlyForDeploymentPostprocessing = 0;
		};
/* End PBXFrameworksBuildPhase section */

/* Begin PBXGroup section */
		F4337205191C6FD5005DE0A7 = {
			isa = PBXGroup;
			children = (
				F433721A191C7019005DE0A7 /* libcppUnitLite2.a */,
				F4337210191C6FD5005DE0A7 /* Assignment 3 */,
				F433720F191C6FD5005DE0A7 /* Products */,
			);
			sourceTree = "<group>";
		};
		F433720F191C6FD5005DE0A7 /* Products */ = {
			isa = PBXGroup;
			children = (
				F433720E191C6FD5005DE0A7 /* Assignment 3 */,
			);
			name = Products;
			sourceTree = "<group>";
		};
		F4337210191C6FD5005DE0A7 /* Assignment 3 */ = {
			isa = PBXGroup;
			children = (
				F4337224191C70E9005DE0A7 /* Tests */,
				F4337211191C6FD5005DE0A7 /* main.cpp */,
				F4337213191C6FD5005DE0A7 /* Assignment_3.1 */,
				F4337228191C7125005DE0A7 /* Byte.cpp */,
				F4337229191C7125005DE0A7 /* Byte.h */,
				F433722E191C719F005DE0A7 /* Word.cpp */,
				F433722F191C719F005DE0A7 /* Word.h */,
				F433722B191C7150005DE0A7 /* DoubleWord.cpp */,
				F433722C191C7150005DE0A7 /* DoubleWord.h */,
				F4337231191C7200005DE0A7 /* WindowsBitmapHeader.cpp */,
				F4337232191C7200005DE0A7 /* WindowsBitmapHeader.h */,
				F4337234191C7662005DE0A7 /* Bitmap.cpp */,
				F4337235191C7662005DE0A7 /* Bitmap.h */,
				F4337237191C7CA6005DE0A7 /* VerifyEquality.cpp */,
				F4337238191C7CA6005DE0A7 /* VerifyEquality.h */,
				F433723A191C7CE9005DE0A7 /* binary_ostream_iterator.cpp */,
				F433723B191C7CE9005DE0A7 /* binary_ostream_iterator.h */,
			);
			path = "Assignment 3";
			sourceTree = "<group>";
		};
		F4337224191C70E9005DE0A7 /* Tests */ = {
			isa = PBXGroup;
			children = (
				F433721C191C70C3005DE0A7 /* BinaryTest.cpp */,
				F433721D191C70C4005DE0A7 /* BitmapTest.cpp */,
				F433721E191C70C4005DE0A7 /* VerifyEqualityTest.cpp */,
				F433721F191C70C4005DE0A7 /* WindowsBitmapHeaderTest.cpp */,
			);
			name = Tests;
			sourceTree = "<group>";
		};
/* End PBXGroup section */

/* Begin PBXNativeTarget section */
		F433720D191C6FD5005DE0A7 /* Assignment 3 */ = {
			isa = PBXNativeTarget;
			buildConfigurationList = F4337217191C6FD5005DE0A7 /* Build configuration list for PBXNativeTarget "Assignment 3" */;
			buildPhases = (
				F433720A191C6FD5005DE0A7 /* Sources */,
				F433720B191C6FD5005DE0A7 /* Frameworks */,
				F433720C191C6FD5005DE0A7 /* CopyFiles */,
			);
			buildRules = (
			);
			dependencies = (
			);
			name = "Assignment 3";
			productName = "Assignment 3";
			productReference = F433720E191C6FD5005DE0A7 /* Assignment 3 */;
			productType = "com.apple.product-type.tool";
		};
/* End PBXNativeTarget section */

/* Begin PBXProject section */
		F4337206191C6FD5005DE0A7 /* Project object */ = {
			isa = PBXProject;
			attributes = {
				LastUpgradeCheck = 0460;
				ORGANIZATIONNAME = "Steve Minor";
			};
			buildConfigurationList = F4337209191C6FD5005DE0A7 /* Build configuration list for PBXProject "Assignment 3" */;
			compatibilityVersion = "Xcode 3.2";
			developmentRegion = English;
			hasScannedForEncodings = 0;
			knownRegions = (
				en,
			);
			mainGroup = F4337205191C6FD5005DE0A7;
			productRefGroup = F433720F191C6FD5005DE0A7 /* Products */;
			projectDirPath = "";
			projectRoot = "";
			targets = (
				F433720D191C6FD5005DE0A7 /* Assignment 3 */,
			);
		};
/* End PBXProject section */

/* Begin PBXSourcesBuildPhase section */
		F433720A191C6FD5005DE0A7 /* Sources */ = {
			isa = PBXSourcesBuildPhase;
			buildActionMask = 2147483647;
			files = (
				F4337212191C6FD5005DE0A7 /* main.cpp in Sources */,
				F4337220191C70C4005DE0A7 /* BinaryTest.cpp in Sources */,
				F4337221191C70C4005DE0A7 /* BitmapTest.cpp in Sources */,
				F4337222191C70C4005DE0A7 /* VerifyEqualityTest.cpp in Sources */,
				F4337223191C70C4005DE0A7 /* WindowsBitmapHeaderTest.cpp in Sources */,
				F433722A191C7125005DE0A7 /* Byte.cpp in Sources */,
				F433722D191C7150005DE0A7 /* DoubleWord.cpp in Sources */,
				F4337230191C719F005DE0A7 /* Word.cpp in Sources */,
				F4337233191C7200005DE0A7 /* WindowsBitmapHeader.cpp in Sources */,
				F4337236191C7662005DE0A7 /* Bitmap.cpp in Sources */,
				F4337239191C7CA6005DE0A7 /* VerifyEquality.cpp in Sources */,
				F433723C191C7CE9005DE0A7 /* binary_ostream_iterator.cpp in Sources */,
			);
			runOnlyForDeploymentPostprocessing = 0;
		};
/* End PBXSourcesBuildPhase section */

/* Begin XCBuildConfiguration section */
		F4337215191C6FD5005DE0A7 /* Debug */ = {
			isa = XCBuildConfiguration;
			buildSettings = {
				ALWAYS_SEARCH_USER_PATHS = NO;
				ARCHS = "$(ARCHS_STANDARD_64_BIT)";
				CLANG_CXX_LANGUAGE_STANDARD = "gnu++0x";
				CLANG_CXX_LIBRARY = "libc++";
				CLANG_WARN_CONSTANT_CONVERSION = YES;
				CLANG_WARN_EMPTY_BODY = YES;
				CLANG_WARN_ENUM_CONVERSION = YES;
				CLANG_WARN_INT_CONVERSION = YES;
				CLANG_WARN__DUPLICATE_METHOD_MATCH = YES;
				COPY_PHASE_STRIP = NO;
				GCC_C_LANGUAGE_STANDARD = gnu99;
				GCC_DYNAMIC_NO_PIC = NO;
				GCC_ENABLE_OBJC_EXCEPTIONS = YES;
				GCC_OPTIMIZATION_LEVEL = 0;
				GCC_PREPROCESSOR_DEFINITIONS = (
					"DEBUG=1",
					"$(inherited)",
				);
				GCC_SYMBOLS_PRIVATE_EXTERN = NO;
				GCC_WARN_64_TO_32_BIT_CONVERSION = YES;
				GCC_WARN_ABOUT_RETURN_TYPE = YES;
				GCC_WARN_UNINITIALIZED_AUTOS = YES;
				GCC_WARN_UNUSED_VARIABLE = YES;
				MACOSX_DEPLOYMENT_TARGET = 10.7;
				ONLY_ACTIVE_ARCH = YES;
				SDKROOT = macosx;
			};
			name = Debug;
		};
		F4337216191C6FD5005DE0A7 /* Release */ = {
			isa = XCBuildConfiguration;
			buildSettings = {
				ALWAYS_SEARCH_USER_PATHS = NO;
				ARCHS = "$(ARCHS_STANDARD_64_BIT)";
				CLANG_CXX_LANGUAGE_STANDARD = "gnu++0x";
				CLANG_CXX_LIBRARY = "libc++";
				CLANG_WARN_CONSTANT_CONVERSION = YES;
				CLANG_WARN_EMPTY_BODY = YES;
				CLANG_WARN_ENUM_CONVERSION = YES;
				CLANG_WARN_INT_CONVERSION = YES;
				CLANG_WARN__DUPLICATE_METHOD_MATCH = YES;
				COPY_PHASE_STRIP = YES;
				DEBUG_INFORMATION_FORMAT = "dwarf-with-dsym";
				GCC_C_LANGUAGE_STANDARD = gnu99;
				GCC_ENABLE_OBJC_EXCEPTIONS = YES;
				GCC_WARN_64_TO_32_BIT_CONVERSION = YES;
				GCC_WARN_ABOUT_RETURN_TYPE = YES;
				GCC_WARN_UNINITIALIZED_AUTOS = YES;
				GCC_WARN_UNUSED_VARIABLE = YES;
				MACOSX_DEPLOYMENT_TARGET = 10.7;
				SDKROOT = macosx;
			};
			name = Release;
		};
		F4337218191C6FD5005DE0A7 /* Debug */ = {
			isa = XCBuildConfiguration;
			buildSettings = {
				ALWAYS_SEARCH_USER_PATHS = YES;
				LIBRARY_SEARCH_PATHS = /usr/local/lib;
				PRODUCT_NAME = "$(TARGET_NAME)";
				USER_HEADER_SEARCH_PATHS = "~/Documents/C++/Advanced_C_Plus_Plus/CppUnitLite/";
			};
			name = Debug;
		};
		F4337219191C6FD5005DE0A7 /* Release */ = {
			isa = XCBuildConfiguration;
			buildSettings = {
				ALWAYS_SEARCH_USER_PATHS = YES;
				LIBRARY_SEARCH_PATHS = /usr/local/lib;
				PRODUCT_NAME = "$(TARGET_NAME)";
				USER_HEADER_SEARCH_PATHS = "~/Documents/C++/Advanced_C_Plus_Plus/CppUnitLite/";
			};
			name = Release;
		};
/* End XCBuildConfiguration section */

/* Begin XCConfigurationList section */
		F4337209191C6FD5005DE0A7 /* Build configuration list for PBXProject "Assignment 3" */ = {
			isa = XCConfigurationList;
			buildConfigurations = (
				F4337215191C6FD5005DE0A7 /* Debug */,
				F4337216191C6FD5005DE0A7 /* Release */,
			);
			defaultConfigurationIsVisible = 0;
			defaultConfigurationName = Release;
		};
		F4337217191C6FD5005DE0A7 /* Build configuration list for PBXNativeTarget "Assignment 3" */ = {
			isa = XCConfigurationList;
			buildConfigurations = (
				F4337218191C6FD5005DE0A7 /* Debug */,
				F4337219191C6FD5005DE0A7 /* Release */,
			);
			defaultConfigurationIsVisible = 0;
		};
/* End XCConfigurationList section */
	};
	rootObject = F4337206191C6FD5005DE0A7 /* Project object */;
}
